
Microsoft Visual Studio Solution File, Format Version 12.00
# Visual Studio 2012
Project("{FAE04EC0-301F-11D3-BF4B-00C04F79EFBC}") = "Final_Project", "Final_Project\Final_Project.csproj", "{89B8E2AD-6236-4667-99B2-650DC80EABC0}"
EndProject
Global
	GlobalSection(SolutionConfigurationPlatforms) = preSolution
		Debug|Any CPU = Debug|Any CPU
		Release|Any CPU = Release|Any CPU
	EndGlobalSection
	GlobalSection(ProjectConfigurationPlatforms) = postSolution
		{89B8E2AD-6236-4667-99B2-650DC80EABC0}.Debug|Any CPU.ActiveCfg = Debug|Any CPU
		{89B8E2AD-6236-4667-99B2-650DC80EABC0}.Debug|Any CPU.Build.0 = Debug|Any CPU
		{89B8E2AD-6236-4667-99B2-650DC80EABC0}.Release|Any CPU.ActiveCfg = Release|Any CPU
		{89B8E2AD-6236-4667-99B2-650DC80EABC0}.Release|Any CPU.Build.0 = Release|Any CPU
	EndGlobalSection
	GlobalSection(SolutionProperties) = preSolution
		HideSolutionNode = FALSE
	EndGlobalSection
EndGlobal
